{
  "name": "coachjeff-resume-optimizer",
  "version": "12.3.16",
  "lockfileVersion": 3,
  "requires": true,
  "packages": {
    "": {
      "name": "coachjeff-resume-optimizer",
      "version": "12.3.16",
      "license": "UNLICENSED",
      "devDependencies": {
        "@babel/standalone": "7.23.5"
      }
    },
    "node_modules/@babel/standalone": {
      "version": "7.23.5",
      "dev": true,
      "license": "MIT",
      "engines": {
        "node": ">=6.9.0"
      }
    }
  }
}
